// !$*UTF8*$!
{
	archiveVersion = 1;
	classes = {
	};
	objectVersion = 50;
	objects = {

/* Begin PBXBuildFile section */
		4A201295227DD90D00DE2430 /* AppDelegate.swift in Sources */ = {isa = PBXBuildFile; fileRef = 4A201294227DD90D00DE2430 /* AppDelegate.swift */; };
		4A201297227DD90D00DE2430 /* ViewController.swift in Sources */ = {isa = PBXBuildFile; fileRef = 4A201296227DD90D00DE2430 /* ViewController.swift */; };
		4A20129A227DD90D00DE2430 /* Scramble.storyboard in Resources */ = {isa = PBXBuildFile; fileRef = 4A201298227DD90D00DE2430 /* Scramble.storyboard */; };
		4A20129C227DD90E00DE2430 /* Assets.xcassets in Resources */ = {isa = PBXBuildFile; fileRef = 4A20129B227DD90E00DE2430 /* Assets.xcassets */; };
		4A20129F227DD90E00DE2430 /* LaunchScreen.storyboard in Resources */ = {isa = PBXBuildFile; fileRef = 4A20129D227DD90E00DE2430 /* LaunchScreen.storyboard */; };
		4A2012AA227DD90E00DE2430 /* bible_scrambleTests.swift in Sources */ = {isa = PBXBuildFile; fileRef = 4A2012A9227DD90E00DE2430 /* bible_scrambleTests.swift */; };
		4A2012B5227DD90E00DE2430 /* bible_scrambleUITests.swift in Sources */ = {isa = PBXBuildFile; fileRef = 4A2012B4227DD90E00DE2430 /* bible_scrambleUITests.swift */; };
		4A2012C7227E393E00DE2430 /* Segoe UI and Fabric MDL2 icon fonts in Resources */ = {isa = PBXBuildFile; fileRef = 4A2012C6227E393E00DE2430 /* Segoe UI and Fabric MDL2 icon fonts */; };
		4A2012C9227E3C8700DE2430 /* segoeuib.ttf in Resources */ = {isa = PBXBuildFile; fileRef = 4A2012C8227E3C8700DE2430 /* segoeuib.ttf */; };
/* End PBXBuildFile section */

/* Begin PBXContainerItemProxy section */
		4A2012A6227DD90E00DE2430 /* PBXContainerItemProxy */ = {
			isa = PBXContainerItemProxy;
			containerPortal = 4A201289227DD90D00DE2430 /* Project object */;
			proxyType = 1;
			remoteGlobalIDString = 4A201290227DD90D00DE2430;
			remoteInfo = "bible-scramble";
		};
		4A2012B1227DD90E00DE2430 /* PBXContainerItemProxy */ = {
			isa = PBXContainerItemProxy;
			containerPortal = 4A201289227DD90D00DE2430 /* Project object */;
			proxyType = 1;
			remoteGlobalIDString = 4A201290227DD90D00DE2430;
			remoteInfo = "bible-scramble";
		};
/* End PBXContainerItemProxy section */

/* Begin PBXFileReference section */
		4A201291227DD90D00DE2430 /* bible-scramble.app */ = {isa = PBXFileReference; explicitFileType = wrapper.application; includeInIndex = 0; path = "bible-scramble.app"; sourceTree = BUILT_PRODUCTS_DIR; };
		4A201294227DD90D00DE2430 /* AppDelegate.swift */ = {isa = PBXFileReference; lastKnownFileType = sourcecode.swift; path = AppDelegate.swift; sourceTree = "<group>"; };
		4A201296227DD90D00DE2430 /* ViewController.swift */ = {isa = PBXFileReference; lastKnownFileType = sourcecode.swift; path = ViewController.swift; sourceTree = "<group>"; };
		4A201299227DD90D00DE2430 /* Base */ = {isa = PBXFileReference; lastKnownFileType = file.storyboard; name = Base; path = Base.lproj/Scramble.storyboard; sourceTree = "<group>"; };
		4A20129B227DD90E00DE2430 /* Assets.xcassets */ = {isa = PBXFileReference; lastKnownFileType = folder.assetcatalog; path = Assets.xcassets; sourceTree = "<group>"; };
		4A20129E227DD90E00DE2430 /* Base */ = {isa = PBXFileReference; lastKnownFileType = file.storyboard; name = Base; path = Base.lproj/LaunchScreen.storyboard; sourceTree = "<group>"; };
		4A2012A0227DD90E00DE2430 /* Info.plist */ = {isa = PBXFileReference; lastKnownFileType = text.plist.xml; path = Info.plist; sourceTree = "<group>"; };
		4A2012A5227DD90E00DE2430 /* bible-scrambleTests.xctest */ = {isa = PBXFileReference; explicitFileType = wrapper.cfbundle; includeInIndex = 0; path = "bible-scrambleTests.xctest"; sourceTree = BUILT_PRODUCTS_DIR; };
		4A2012A9227DD90E00DE2430 /* bible_scrambleTests.swift */ = {isa = PBXFileReference; lastKnownFileType = sourcecode.swift; path = bible_scrambleTests.swift; sourceTree = "<group>"; };
		4A2012AB227DD90E00DE2430 /* Info.plist */ = {isa = PBXFileReference; lastKnownFileType = text.plist.xml; path = Info.plist; sourceTree = "<group>"; };
		4A2012B0227DD90E00DE2430 /* bible-scrambleUITests.xctest */ = {isa = PBXFileReference; explicitFileType = wrapper.cfbundle; includeInIndex = 0; path = "bible-scrambleUITests.xctest"; sourceTree = BUILT_PRODUCTS_DIR; };
		4A2012B4227DD90E00DE2430 /* bible_scrambleUITests.swift */ = {isa = PBXFileReference; lastKnownFileType = sourcecode.swift; path = bible_scrambleUITests.swift; sourceTree = "<group>"; };
		4A2012B6227DD90E00DE2430 /* Info.plist */ = {isa = PBXFileReference; lastKnownFileType = text.plist.xml; path = Info.plist; sourceTree = "<group>"; };
		4A2012C6227E393E00DE2430 /* Segoe UI and Fabric MDL2 icon fonts */ = {isa = PBXFileReference; lastKnownFileType = folder; path = "Segoe UI and Fabric MDL2 icon fonts"; sourceTree = "<group>"; };
		4A2012C8227E3C8700DE2430 /* segoeuib.ttf */ = {isa = PBXFileReference; lastKnownFileType = file; path = segoeuib.ttf; sourceTree = "<group>"; };
/* End PBXFileReference section */

/* Begin PBXFrameworksBuildPhase section */
		4A20128E227DD90D00DE2430 /* Frameworks */ = {
			isa = PBXFrameworksBuildPhase;
			buildActionMask = 2147483647;
			files = (
			);
			runOnlyForDeploymentPostprocessing = 0;
		};
		4A2012A2227DD90E00DE2430 /* Frameworks */ = {
			isa = PBXFrameworksBuildPhase;
			buildActionMask = 2147483647;
			files = (
			);
			runOnlyForDeploymentPostprocessing = 0;
		};
		4A2012AD227DD90E00DE2430 /* Frameworks */ = {
			isa = PBXFrameworksBuildPhase;
			buildActionMask = 2147483647;
			files = (
			);
			runOnlyForDeploymentPostprocessing = 0;
		};
/* End PBXFrameworksBuildPhase section */

/* Begin PBXGroup section */
		4A201288227DD90D00DE2430 = {
			isa = PBXGroup;
			children = (
				4A2012C8227E3C8700DE2430 /* segoeuib.ttf */,
				4A201293227DD90D00DE2430 /* bible-scramble */,
				4A2012A8227DD90E00DE2430 /* bible-scrambleTests */,
				4A2012B3227DD90E00DE2430 /* bible-scrambleUITests */,
				4A201292227DD90D00DE2430 /* Products */,
			);
			sourceTree = "<group>";
		};
		4A201292227DD90D00DE2430 /* Products */ = {
			isa = PBXGroup;
			children = (
				4A201291227DD90D00DE2430 /* bible-scramble.app */,
				4A2012A5227DD90E00DE2430 /* bible-scrambleTests.xctest */,
				4A2012B0227DD90E00DE2430 /* bible-scrambleUITests.xctest */,
			);
			name = Products;
			sourceTree = "<group>";
		};
		4A201293227DD90D00DE2430 /* bible-scramble */ = {
			isa = PBXGroup;
			children = (
				4A201294227DD90D00DE2430 /* AppDelegate.swift */,
				4A201296227DD90D00DE2430 /* ViewController.swift */,
				4A2012C6227E393E00DE2430 /* Segoe UI and Fabric MDL2 icon fonts */,
				4A201298227DD90D00DE2430 /* Scramble.storyboard */,
				4A20129B227DD90E00DE2430 /* Assets.xcassets */,
				4A20129D227DD90E00DE2430 /* LaunchScreen.storyboard */,
				4A2012A0227DD90E00DE2430 /* Info.plist */,
			);
			path = "bible-scramble";
			sourceTree = "<group>";
		};
		4A2012A8227DD90E00DE2430 /* bible-scrambleTests */ = {
			isa = PBXGroup;
			children = (
				4A2012A9227DD90E00DE2430 /* bible_scrambleTests.swift */,
				4A2012AB227DD90E00DE2430 /* Info.plist */,
			);
			path = "bible-scrambleTests";
			sourceTree = "<group>";
		};
		4A2012B3227DD90E00DE2430 /* bible-scrambleUITests */ = {
			isa = PBXGroup;
			children = (
				4A2012B4227DD90E00DE2430 /* bible_scrambleUITests.swift */,
				4A2012B6227DD90E00DE2430 /* Info.plist */,
			);
			path = "bible-scrambleUITests";
			sourceTree = "<group>";
		};
/* End PBXGroup section */

/* Begin PBXNativeTarget section */
		4A201290227DD90D00DE2430 /* bible-scramble */ = {
			isa = PBXNativeTarget;
			buildConfigurationList = 4A2012B9227DD90E00DE2430 /* Build configuration list for PBXNativeTarget "bible-scramble" */;
			buildPhases = (
				4A20128D227DD90D00DE2430 /* Sources */,
				4A20128E227DD90D00DE2430 /* Frameworks */,
				4A20128F227DD90D00DE2430 /* Resources */,
			);
			buildRules = (
			);
			dependencies = (
			);
			name = "bible-scramble";
			productName = "bible-scramble";
			productReference = 4A201291227DD90D00DE2430 /* bible-scramble.app */;
			productType = "com.apple.product-type.application";
		};
		4A2012A4227DD90E00DE2430 /* bible-scrambleTests */ = {
			isa = PBXNativeTarget;
			buildConfigurationList = 4A2012BC227DD90E00DE2430 /* Build configuration list for PBXNativeTarget "bible-scrambleTests" */;
			buildPhases = (
				4A2012A1227DD90E00DE2430 /* Sources */,
				4A2012A2227DD90E00DE2430 /* Frameworks */,
				4A2012A3227DD90E00DE2430 /* Resources */,
			);
			buildRules = (
			);
			dependencies = (
				4A2012A7227DD90E00DE2430 /* PBXTargetDependency */,
			);
			name = "bible-scrambleTests";
			productName = "bible-scrambleTests";
			productReference = 4A2012A5227DD90E00DE2430 /* bible-scrambleTests.xctest */;
			productType = "com.apple.product-type.bundle.unit-test";
		};
		4A2012AF227DD90E00DE2430 /* bible-scrambleUITests */ = {
			isa = PBXNativeTarget;
			buildConfigurationList = 4A2012BF227DD90E00DE2430 /* Build configuration list for PBXNativeTarget "bible-scrambleUITests" */;
			buildPhases = (
				4A2012AC227DD90E00DE2430 /* Sources */,
				4A2012AD227DD90E00DE2430 /* Frameworks */,
				4A2012AE227DD90E00DE2430 /* Resources */,
			);
			buildRules = (
			);
			dependencies = (
				4A2012B2227DD90E00DE2430 /* PBXTargetDependency */,
			);
			name = "bible-scrambleUITests";
			productName = "bible-scrambleUITests";
			productReference = 4A2012B0227DD90E00DE2430 /* bible-scrambleUITests.xctest */;
			productType = "com.apple.product-type.bundle.ui-testing";
		};
/* End PBXNativeTarget section */

/* Begin PBXProject section */
		4A201289227DD90D00DE2430 /* Project object */ = {
			isa = PBXProject;
			attributes = {
				LastSwiftUpdateCheck = 1020;
				LastUpgradeCheck = 1020;
				ORGANIZATIONNAME = "Billy Bunn";
				TargetAttributes = {
					4A201290227DD90D00DE2430 = {
						CreatedOnToolsVersion = 10.2.1;
					};
					4A2012A4227DD90E00DE2430 = {
						CreatedOnToolsVersion = 10.2.1;
						TestTargetID = 4A201290227DD90D00DE2430;
					};
					4A2012AF227DD90E00DE2430 = {
						CreatedOnToolsVersion = 10.2.1;
						TestTargetID = 4A201290227DD90D00DE2430;
					};
				};
			};
			buildConfigurationList = 4A20128C227DD90D00DE2430 /* Build configuration list for PBXProject "bible-scramble" */;
			compatibilityVersion = "Xcode 9.3";
			developmentRegion = en;
			hasScannedForEncodings = 0;
			knownRegions = (
				en,
				Base,
			);
			mainGroup = 4A201288227DD90D00DE2430;
			productRefGroup = 4A201292227DD90D00DE2430 /* Products */;
			projectDirPath = "";
			projectRoot = "";
			targets = (
				4A201290227DD90D00DE2430 /* bible-scramble */,
				4A2012A4227DD90E00DE2430 /* bible-scrambleTests */,
				4A2012AF227DD90E00DE2430 /* bible-scrambleUITests */,
			);
		};
/* End PBXProject section */

/* Begin PBXResourcesBuildPhase section */
		4A20128F227DD90D00DE2430 /* Resources */ = {
			isa = PBXResourcesBuildPhase;
			buildActionMask = 2147483647;
			files = (
				4A2012C9227E3C8700DE2430 /* segoeuib.ttf in Resources */,
				4A2012C7227E393E00DE2430 /* Segoe UI and Fabric MDL2 icon fonts in Resources */,
				4A20129F227DD90E00DE2430 /* LaunchScreen.storyboard in Resources */,
				4A20129C227DD90E00DE2430 /* Assets.xcassets in Resources */,
				4A20129A227DD90D00DE2430 /* Scramble.storyboard in Resources */,
			);
			runOnlyForDeploymentPostprocessing = 0;
		};
		4A2012A3227DD90E00DE2430 /* Resources */ = {
			isa = PBXResourcesBuildPhase;
			buildActionMask = 2147483647;
			files = (
			);
			runOnlyForDeploymentPostprocessing = 0;
		};
		4A2012AE227DD90E00DE2430 /* Resources */ = {
			isa = PBXResourcesBuildPhase;
			buildActionMask = 2147483647;
			files = (
			);
			runOnlyForDeploymentPostprocessing = 0;
		};
/* End PBXResourcesBuildPhase section */

/* Begin PBXSourcesBuildPhase section */
		4A20128D227DD90D00DE2430 /* Sources */ = {
			isa = PBXSourcesBuildPhase;
			buildActionMask = 2147483647;
			files = (
				4A201297227DD90D00DE2430 /* ViewController.swift in Sources */,
				4A201295227DD90D00DE2430 /* AppDelegate.swift in Sources */,
			);
			runOnlyForDeploymentPostprocessing = 0;
		};
		4A2012A1227DD90E00DE2430 /* Sources */ = {
			isa = PBXSourcesBuildPhase;
			buildActionMask = 2147483647;
			files = (
				4A2012AA227DD90E00DE2430 /* bible_scrambleTests.swift in Sources */,
			);
			runOnlyForDeploymentPostprocessing = 0;
		};
		4A2012AC227DD90E00DE2430 /* Sources */ = {
			isa = PBXSourcesBuildPhase;
			buildActionMask = 2147483647;
			files = (
				4A2012B5227DD90E00DE2430 /* bible_scrambleUITests.swift in Sources */,
			);
			runOnlyForDeploymentPostprocessing = 0;
		};
/* End PBXSourcesBuildPhase section */

/* Begin PBXTargetDependency section */
		4A2012A7227DD90E00DE2430 /* PBXTargetDependency */ = {
			isa = PBXTargetDependency;
			target = 4A201290227DD90D00DE2430 /* bible-scramble */;
			targetProxy = 4A2012A6227DD90E00DE2430 /* PBXContainerItemProxy */;
		};
		4A2012B2227DD90E00DE2430 /* PBXTargetDependency */ = {
			isa = PBXTargetDependency;
			target = 4A201290227DD90D00DE2430 /* bible-scramble */;
			targetProxy = 4A2012B1227DD90E00DE2430 /* PBXContainerItemProxy */;
		};
/* End PBXTargetDependency section */

/* Begin PBXVariantGroup section */
		4A201298227DD90D00DE2430 /* Scramble.storyboard */ = {
			isa = PBXVariantGroup;
			children = (
				4A201299227DD90D00DE2430 /* Base */,
			);
			name = Scramble.storyboard;
			sourceTree = "<group>";
		};
		4A20129D227DD90E00DE2430 /* LaunchScreen.storyboard */ = {
			isa = PBXVariantGroup;
			children = (
				4A20129E227DD90E00DE2430 /* Base */,
			);
			name = LaunchScreen.storyboard;
			sourceTree = "<group>";
		};
/* End PBXVariantGroup section */

/* Begin XCBuildConfiguration section */
		4A2012B7227DD90E00DE2430 /* Debug */ = {
			isa = XCBuildConfiguration;
			buildSettings = {
				ALWAYS_SEARCH_USER_PATHS = NO;
				CLANG_ANALYZER_NONNULL = YES;
				CLANG_ANALYZER_NUMBER_OBJECT_CONVERSION = YES_AGGRESSIVE;
				CLANG_CXX_LANGUAGE_STANDARD = "gnu++14";
				CLANG_CXX_LIBRARY = "libc++";
				CLANG_ENABLE_MODULES = YES;
				CLANG_ENABLE_OBJC_ARC = YES;
				CLANG_ENABLE_OBJC_WEAK = YES;
				CLANG_WARN_BLOCK_CAPTURE_AUTORELEASING = YES;
				CLANG_WARN_BOOL_CONVERSION = YES;
				CLANG_WARN_COMMA = YES;
				CLANG_WARN_CONSTANT_CONVERSION = YES;
				CLANG_WARN_DEPRECATED_OBJC_IMPLEMENTATIONS = YES;
				CLANG_WARN_DIRECT_OBJC_ISA_USAGE = YES_ERROR;
				CLANG_WARN_DOCUMENTATION_COMMENTS = YES;
				CLANG_WARN_EMPTY_BODY = YES;
				CLANG_WARN_ENUM_CONVERSION = YES;
				CLANG_WARN_INFINITE_RECURSION = YES;
				CLANG_WARN_INT_CONVERSION = YES;
				CLANG_WARN_NON_LITERAL_NULL_CONVERSION = YES;
				CLANG_WARN_OBJC_IMPLICIT_RETAIN_SELF = YES;
				CLANG_WARN_OBJC_LITERAL_CONVERSION = YES;
				CLANG_WARN_OBJC_ROOT_CLASS = YES_ERROR;
				CLANG_WARN_RANGE_LOOP_ANALYSIS = YES;
				CLANG_WARN_STRICT_PROTOTYPES = YES;
				CLANG_WARN_SUSPICIOUS_MOVE = YES;
				CLANG_WARN_UNGUARDED_AVAILABILITY = YES_AGGRESSIVE;
				CLANG_WARN_UNREACHABLE_CODE = YES;
				CLANG_WARN__DUPLICATE_METHOD_MATCH = YES;
				CODE_SIGN_IDENTITY = "iPhone Developer";
				COPY_PHASE_STRIP = NO;
				DEBUG_INFORMATION_FORMAT = dwarf;
				ENABLE_STRICT_OBJC_MSGSEND = YES;
				ENABLE_TESTABILITY = YES;
				GCC_C_LANGUAGE_STANDARD = gnu11;
				GCC_DYNAMIC_NO_PIC = NO;
				GCC_NO_COMMON_BLOCKS = YES;
				GCC_OPTIMIZATION_LEVEL = 0;
				GCC_PREPROCESSOR_DEFINITIONS = (
					"DEBUG=1",
					"$(inherited)",
				);
				GCC_WARN_64_TO_32_BIT_CONVERSION = YES;
				GCC_WARN_ABOUT_RETURN_TYPE = YES_ERROR;
				GCC_WARN_UNDECLARED_SELECTOR = YES;
				GCC_WARN_UNINITIALIZED_AUTOS = YES_AGGRESSIVE;
				GCC_WARN_UNUSED_FUNCTION = YES;
				GCC_WARN_UNUSED_VARIABLE = YES;
				IPHONEOS_DEPLOYMENT_TARGET = 12.2;
				MTL_ENABLE_DEBUG_INFO = INCLUDE_SOURCE;
				MTL_FAST_MATH = YES;
				ONLY_ACTIVE_ARCH = YES;
				SDKROOT = iphoneos;
				SWIFT_ACTIVE_COMPILATION_CONDITIONS = DEBUG;
				SWIFT_OPTIMIZATION_LEVEL = "-Onone";
			};
			name = Debug;
		};
		4A2012B8227DD90E00DE2430 /* Release */ = {
			isa = XCBuildConfiguration;
			buildSettings = {
				ALWAYS_SEARCH_USER_PATHS = NO;
				CLANG_ANALYZER_NONNULL = YES;
				CLANG_ANALYZER_NUMBER_OBJECT_CONVERSION = YES_AGGRESSIVE;
				CLANG_CXX_LANGUAGE_STANDARD = "gnu++14";
				CLANG_CXX_LIBRARY = "libc++";
				CLANG_ENABLE_MODULES = YES;
				CLANG_ENABLE_OBJC_ARC = YES;
				CLANG_ENABLE_OBJC_WEAK = YES;
				CLANG_WARN_BLOCK_CAPTURE_AUTORELEASING = YES;
				CLANG_WARN_BOOL_CONVERSION = YES;
				CLANG_WARN_COMMA = YES;
				CLANG_WARN_CONSTANT_CONVERSION = YES;
				CLANG_WARN_DEPRECATED_OBJC_IMPLEMENTATIONS = YES;
				CLANG_WARN_DIRECT_OBJC_ISA_USAGE = YES_ERROR;
				CLANG_WARN_DOCUMENTATION_COMMENTS = YES;
				CLANG_WARN_EMPTY_BODY = YES;
				CLANG_WARN_ENUM_CONVERSION = YES;
				CLANG_WARN_INFINITE_RECURSION = YES;
				CLANG_WARN_INT_CONVERSION = YES;
				CLANG_WARN_NON_LITERAL_NULL_CONVERSION = YES;
				CLANG_WARN_OBJC_IMPLICIT_RETAIN_SELF = YES;
				CLANG_WARN_OBJC_LITERAL_CONVERSION = YES;
				CLANG_WARN_OBJC_ROOT_CLASS = YES_ERROR;
				CLANG_WARN_RANGE_LOOP_ANALYSIS = YES;
				CLANG_WARN_STRICT_PROTOTYPES = YES;
				CLANG_WARN_SUSPICIOUS_MOVE = YES;
				CLANG_WARN_UNGUARDED_AVAILABILITY = YES_AGGRESSIVE;
				CLANG_WARN_UNREACHABLE_CODE = YES;
				CLANG_WARN__DUPLICATE_METHOD_MATCH = YES;
				CODE_SIGN_IDENTITY = "iPhone Developer";
				COPY_PHASE_STRIP = NO;
				DEBUG_INFORMATION_FORMAT = "dwarf-with-dsym";
				ENABLE_NS_ASSERTIONS = NO;
				ENABLE_STRICT_OBJC_MSGSEND = YES;
				GCC_C_LANGUAGE_STANDARD = gnu11;
				GCC_NO_COMMON_BLOCKS = YES;
				GCC_WARN_64_TO_32_BIT_CONVERSION = YES;
				GCC_WARN_ABOUT_RETURN_TYPE = YES_ERROR;
				GCC_WARN_UNDECLARED_SELECTOR = YES;
				GCC_WARN_UNINITIALIZED_AUTOS = YES_AGGRESSIVE;
				GCC_WARN_UNUSED_FUNCTION = YES;
				GCC_WARN_UNUSED_VARIABLE = YES;
				IPHONEOS_DEPLOYMENT_TARGET = 12.2;
				MTL_ENABLE_DEBUG_INFO = NO;
				MTL_FAST_MATH = YES;
				SDKROOT = iphoneos;
				SWIFT_COMPILATION_MODE = wholemodule;
				SWIFT_OPTIMIZATION_LEVEL = "-O";
				VALIDATE_PRODUCT = YES;
			};
			name = Release;
		};
		4A2012BA227DD90E00DE2430 /* Debug */ = {
			isa = XCBuildConfiguration;
			buildSettings = {
				ASSETCATALOG_COMPILER_APPICON_NAME = AppIcon;
				CODE_SIGN_STYLE = Automatic;
				DEVELOPMENT_TEAM = 98FUBN4YVB;
				INFOPLIST_FILE = "bible-scramble/Info.plist";
				LD_RUNPATH_SEARCH_PATHS = (
					"$(inherited)",
					"@executable_path/Frameworks",
				);
				PRODUCT_BUNDLE_IDENTIFIER = "com.cftk.bible-scramble";
				PRODUCT_NAME = "$(TARGET_NAME)";
				SWIFT_VERSION = 5.0;
				TARGETED_DEVICE_FAMILY = "1,2";
			};
			name = Debug;
		};
		4A2012BB227DD90E00DE2430 /* Release */ = {
			isa = XCBuildConfiguration;
			buildSettings = {
				ASSETCATALOG_COMPILER_APPICON_NAME = AppIcon;
				CODE_SIGN_STYLE = Automatic;
				DEVELOPMENT_TEAM = 98FUBN4YVB;
				INFOPLIST_FILE = "bible-scramble/Info.plist";
				LD_RUNPATH_SEARCH_PATHS = (
					"$(inherited)",
					"@executable_path/Frameworks",
				);
				PRODUCT_BUNDLE_IDENTIFIER = "com.cftk.bible-scramble";
				PRODUCT_NAME = "$(TARGET_NAME)";
				SWIFT_VERSION = 5.0;
				TARGETED_DEVICE_FAMILY = "1,2";
			};
			name = Release;
		};
		4A2012BD227DD90E00DE2430 /* Debug */ = {
			isa = XCBuildConfiguration;
			buildSettings = {
				ALWAYS_EMBED_SWIFT_STANDARD_LIBRARIES = YES;
				BUNDLE_LOADER = "$(TEST_HOST)";
				CODE_SIGN_STYLE = Automatic;
				INFOPLIST_FILE = "bible-scrambleTests/Info.plist";
				LD_RUNPATH_SEARCH_PATHS = (
					"$(inherited)",
					"@executable_path/Frameworks",
					"@loader_path/Frameworks",
				);
				PRODUCT_BUNDLE_IDENTIFIER = "com.cftk.bible-scrambleTests";
				PRODUCT_NAME = "$(TARGET_NAME)";
				SWIFT_VERSION = 5.0;
				TARGETED_DEVICE_FAMILY = "1,2";
				TEST_HOST = "$(BUILT_PRODUCTS_DIR)/bible-scramble.app/bible-scramble";
			};
			name = Debug;
		};
		4A2012BE227DD90E00DE2430 /* Release */ = {
			isa = XCBuildConfiguration;
			buildSettings = {
				ALWAYS_EMBED_SWIFT_STANDARD_LIBRARIES = YES;
				BUNDLE_LOADER = "$(TEST_HOST)";
				CODE_SIGN_STYLE = Automatic;
				INFOPLIST_FILE = "bible-scrambleTests/Info.plist";
				LD_RUNPATH_SEARCH_PATHS = (
					"$(inherited)",
					"@executable_path/Frameworks",
					"@loader_path/Frameworks",
				);
				PRODUCT_BUNDLE_IDENTIFIER = "com.cftk.bible-scrambleTests";
				PRODUCT_NAME = "$(TARGET_NAME)";
				SWIFT_VERSION = 5.0;
				TARGETED_DEVICE_FAMILY = "1,2";
				TEST_HOST = "$(BUILT_PRODUCTS_DIR)/bible-scramble.app/bible-scramble";
			};
			name = Release;
		};
		4A2012C0227DD90E00DE2430 /* Debug */ = {
			isa = XCBuildConfiguration;
			buildSettings = {
				ALWAYS_EMBED_SWIFT_STANDARD_LIBRARIES = YES;
				CODE_SIGN_STYLE = Automatic;
				INFOPLIST_FILE = "bible-scrambleUITests/Info.plist";
				LD_RUNPATH_SEARCH_PATHS = (
					"$(inherited)",
					"@executable_path/Frameworks",
					"@loader_path/Frameworks",
				);
				PRODUCT_BUNDLE_IDENTIFIER = "com.cftk.bible-scrambleUITests";
				PRODUCT_NAME = "$(TARGET_NAME)";
				SWIFT_VERSION = 5.0;
				TARGETED_DEVICE_FAMILY = "1,2";
				TEST_TARGET_NAME = "bible-scramble";
			};
			name = Debug;
		};
		4A2012C1227DD90E00DE2430 /* Release */ = {
			isa = XCBuildConfiguration;
			buildSettings = {
				ALWAYS_EMBED_SWIFT_STANDARD_LIBRARIES = YES;
				CODE_SIGN_STYLE = Automatic;
				INFOPLIST_FILE = "bible-scrambleUITests/Info.plist";
				LD_RUNPATH_SEARCH_PATHS = (
					"$(inherited)",
					"@executable_path/Frameworks",
					"@loader_path/Frameworks",
				);
				PRODUCT_BUNDLE_IDENTIFIER = "com.cftk.bible-scrambleUITests";
				PRODUCT_NAME = "$(TARGET_NAME)";
				SWIFT_VERSION = 5.0;
				TARGETED_DEVICE_FAMILY = "1,2";
				TEST_TARGET_NAME = "bible-scramble";
			};
			name = Release;
		};
/* End XCBuildConfiguration section */

/* Begin XCConfigurationList section */
		4A20128C227DD90D00DE2430 /* Build configuration list for PBXProject "bible-scramble" */ = {
			isa = XCConfigurationList;
			buildConfigurations = (
				4A2012B7227DD90E00DE2430 /* Debug */,
				4A2012B8227DD90E00DE2430 /* Release */,
			);
			defaultConfigurationIsVisible = 0;
			defaultConfigurationName = Release;
		};
		4A2012B9227DD90E00DE2430 /* Build configuration list for PBXNativeTarget "bible-scramble" */ = {
			isa = XCConfigurationList;
			buildConfigurations = (
				4A2012BA227DD90E00DE2430 /* Debug */,
				4A2012BB227DD90E00DE2430 /* Release */,
			);
			defaultConfigurationIsVisible = 0;
			defaultConfigurationName = Release;
		};
		4A2012BC227DD90E00DE2430 /* Build configuration list for PBXNativeTarget "bible-scrambleTests" */ = {
			isa = XCConfigurationList;
			buildConfigurations = (
				4A2012BD227DD90E00DE2430 /* Debug */,
				4A2012BE227DD90E00DE2430 /* Release */,
			);
			defaultConfigurationIsVisible = 0;
			defaultConfigurationName = Release;
		};
		4A2012BF227DD90E00DE2430 /* Build configuration list for PBXNativeTarget "bible-scrambleUITests" */ = {
			isa = XCConfigurationList;
			buildConfigurations = (
				4A2012C0227DD90E00DE2430 /* Debug */,
				4A2012C1227DD90E00DE2430 /* Release */,
			);
			defaultConfigurationIsVisible = 0;
			defaultConfigurationName = Release;
		};
/* End XCConfigurationList section */
	};
	rootObject = 4A201289227DD90D00DE2430 /* Project object */;
}
